
Microsoft Visual Studio Solution File, Format Version 12.00
# Visual Studio Version 17
VisualStudioVersion = 17.11.35303.130
MinimumVisualStudioVersion = 10.0.40219.1
Project("{FAE04EC0-301F-11D3-BF4B-00C04F79EFBC}") = "task55", "task55\task55.csproj", "{0FC36C0C-B7F2-4625-B565-6587082F140B}"
EndProject
Global
	GlobalSection(SolutionConfigurationPlatforms) = preSolution
		Debug|Any CPU = Debug|Any CPU
		Release|Any CPU = Release|Any CPU
	EndGlobalSection
	GlobalSection(ProjectConfigurationPlatforms) = postSolution
		{0FC36C0C-B7F2-4625-B565-6587082F140B}.Debug|Any CPU.ActiveCfg = Debug|Any CPU
		{0FC36C0C-B7F2-4625-B565-6587082F140B}.Debug|Any CPU.Build.0 = Debug|Any CPU
		{0FC36C0C-B7F2-4625-B565-6587082F140B}.Release|Any CPU.ActiveCfg = Release|Any CPU
		{0FC36C0C-B7F2-4625-B565-6587082F140B}.Release|Any CPU.Build.0 = Release|Any CPU
	EndGlobalSection
	GlobalSection(SolutionProperties) = preSolution
		HideSolutionNode = FALSE
	EndGlobalSection
	GlobalSection(ExtensibilityGlobals) = postSolution
		SolutionGuid = {C7CAA794-347C-44B4-958A-88367BE3EB87}
	EndGlobalSection
EndGlobal
